
Microsoft Visual Studio Solution File, Format Version 12.00
# Visual Studio Version 17
VisualStudioVersion = 17.0.32126.317
MinimumVisualStudioVersion = 10.0.40219.1
Project("{FAE04EC0-301F-11D3-BF4B-00C04F79EFBC}") = "AnimalExampleCSharp", "AnimalExampleCSharp\AnimalExampleCSharp.csproj", "{33206C8B-5699-41A3-843E-36C67F147302}"
EndProject
Global
	GlobalSection(SolutionConfigurationPlatforms) = preSolution
		Debug|Any CPU = Debug|Any CPU
		Release|Any CPU = Release|Any CPU
	EndGlobalSection
	GlobalSection(ProjectConfigurationPlatforms) = postSolution
		{33206C8B-5699-41A3-843E-36C67F147302}.Debug|Any CPU.ActiveCfg = Debug|Any CPU
		{33206C8B-5699-41A3-843E-36C67F147302}.Debug|Any CPU.Build.0 = Debug|Any CPU
		{33206C8B-5699-41A3-843E-36C67F147302}.Release|Any CPU.ActiveCfg = Release|Any CPU
		{33206C8B-5699-41A3-843E-36C67F147302}.Release|Any CPU.Build.0 = Release|Any CPU
	EndGlobalSection
	GlobalSection(SolutionProperties) = preSolution
		HideSolutionNode = FALSE
	EndGlobalSection
	GlobalSection(ExtensibilityGlobals) = postSolution
		SolutionGuid = {BEB2702C-D5D1-4361-BBBF-3828EF5240BA}
	EndGlobalSection
EndGlobal
